// !$*UTF8*$!
{
	archiveVersion = 1;
	classes = {
	};
	objectVersion = 56;
	objects = {

/* Begin PBXBuildFile section */
		48B62635292A4146004AB278 /* DetailViewController.swift in Sources */ = {isa = PBXBuildFile; fileRef = 48B62634292A4146004AB278 /* DetailViewController.swift */; };
		48BF06002AFFB4D4002D074C /* BookShelf.json in Resources */ = {isa = PBXBuildFile; fileRef = 48BF05FF2AFFB4D4002D074C /* BookShelf.json */; };
		48BF06022AFFBA53002D074C /* BookShelf.swift in Sources */ = {isa = PBXBuildFile; fileRef = 48BF06012AFFBA53002D074C /* BookShelf.swift */; };
		48FCB090292A186600E75790 /* AppDelegate.swift in Sources */ = {isa = PBXBuildFile; fileRef = 48FCB08F292A186600E75790 /* AppDelegate.swift */; };
		48FCB092292A186600E75790 /* SceneDelegate.swift in Sources */ = {isa = PBXBuildFile; fileRef = 48FCB091292A186600E75790 /* SceneDelegate.swift */; };
		48FCB094292A186600E75790 /* ViewController.swift in Sources */ = {isa = PBXBuildFile; fileRef = 48FCB093292A186600E75790 /* ViewController.swift */; };
		48FCB097292A186600E75790 /* Main.storyboard in Resources */ = {isa = PBXBuildFile; fileRef = 48FCB095292A186600E75790 /* Main.storyboard */; };
		48FCB099292A186B00E75790 /* Assets.xcassets in Resources */ = {isa = PBXBuildFile; fileRef = 48FCB098292A186B00E75790 /* Assets.xcassets */; };
		48FCB09C292A186B00E75790 /* LaunchScreen.storyboard in Resources */ = {isa = PBXBuildFile; fileRef = 48FCB09A292A186B00E75790 /* LaunchScreen.storyboard */; };
		48FCB0A4292A1AD900E75790 /* Book.swift in Sources */ = {isa = PBXBuildFile; fileRef = 48FCB0A3292A1AD900E75790 /* Book.swift */; };
		48FCB0A7292A2A7E00E75790 /* BooksTableViewCell.swift in Sources */ = {isa = PBXBuildFile; fileRef = 48FCB0A5292A2A7E00E75790 /* BooksTableViewCell.swift */; };
		48FCB0A8292A2A7E00E75790 /* BooksTableViewCell.xib in Resources */ = {isa = PBXBuildFile; fileRef = 48FCB0A6292A2A7E00E75790 /* BooksTableViewCell.xib */; };
/* End PBXBuildFile section */

/* Begin PBXFileReference section */
		48B62634292A4146004AB278 /* DetailViewController.swift */ = {isa = PBXFileReference; lastKnownFileType = sourcecode.swift; path = DetailViewController.swift; sourceTree = "<group>"; };
		48BF05FF2AFFB4D4002D074C /* BookShelf.json */ = {isa = PBXFileReference; lastKnownFileType = text.json; path = BookShelf.json; sourceTree = "<group>"; };
		48BF06012AFFBA53002D074C /* BookShelf.swift */ = {isa = PBXFileReference; lastKnownFileType = sourcecode.swift; path = BookShelf.swift; sourceTree = "<group>"; };
		48FCB08C292A186600E75790 /* My Book Shelf.app */ = {isa = PBXFileReference; explicitFileType = wrapper.application; includeInIndex = 0; path = "My Book Shelf.app"; sourceTree = BUILT_PRODUCTS_DIR; };
		48FCB08F292A186600E75790 /* AppDelegate.swift */ = {isa = PBXFileReference; lastKnownFileType = sourcecode.swift; path = AppDelegate.swift; sourceTree = "<group>"; };
		48FCB091292A186600E75790 /* SceneDelegate.swift */ = {isa = PBXFileReference; lastKnownFileType = sourcecode.swift; path = SceneDelegate.swift; sourceTree = "<group>"; };
		48FCB093292A186600E75790 /* ViewController.swift */ = {isa = PBXFileReference; lastKnownFileType = sourcecode.swift; path = ViewController.swift; sourceTree = "<group>"; };
		48FCB096292A186600E75790 /* Base */ = {isa = PBXFileReference; lastKnownFileType = file.storyboard; name = Base; path = Base.lproj/Main.storyboard; sourceTree = "<group>"; };
		48FCB098292A186B00E75790 /* Assets.xcassets */ = {isa = PBXFileReference; lastKnownFileType = folder.assetcatalog; path = Assets.xcassets; sourceTree = "<group>"; };
		48FCB09B292A186B00E75790 /* Base */ = {isa = PBXFileReference; lastKnownFileType = file.storyboard; name = Base; path = Base.lproj/LaunchScreen.storyboard; sourceTree = "<group>"; };
		48FCB09D292A186B00E75790 /* Info.plist */ = {isa = PBXFileReference; lastKnownFileType = text.plist.xml; path = Info.plist; sourceTree = "<group>"; };
		48FCB0A3292A1AD900E75790 /* Book.swift */ = {isa = PBXFileReference; lastKnownFileType = sourcecode.swift; path = Book.swift; sourceTree = "<group>"; };
		48FCB0A5292A2A7E00E75790 /* BooksTableViewCell.swift */ = {isa = PBXFileReference; lastKnownFileType = sourcecode.swift; path = BooksTableViewCell.swift; sourceTree = "<group>"; };
		48FCB0A6292A2A7E00E75790 /* BooksTableViewCell.xib */ = {isa = PBXFileReference; lastKnownFileType = file.xib; path = BooksTableViewCell.xib; sourceTree = "<group>"; };
/* End PBXFileReference section */

/* Begin PBXFrameworksBuildPhase section */
		48FCB089292A186600E75790 /* Frameworks */ = {
			isa = PBXFrameworksBuildPhase;
			buildActionMask = 2147483647;
			files = (
			);
			runOnlyForDeploymentPostprocessing = 0;
		};
/* End PBXFrameworksBuildPhase section */

/* Begin PBXGroup section */
		48BF05FA2AFFA86F002D074C /* Models */ = {
			isa = PBXGroup;
			children = (
				48FCB0A3292A1AD900E75790 /* Book.swift */,
				48BF06012AFFBA53002D074C /* BookShelf.swift */,
			);
			path = Models;
			sourceTree = "<group>";
		};
		48BF05FC2AFFAF1B002D074C /* App */ = {
			isa = PBXGroup;
			children = (
				48FCB08F292A186600E75790 /* AppDelegate.swift */,
				48FCB091292A186600E75790 /* SceneDelegate.swift */,
			);
			path = App;
			sourceTree = "<group>";
		};
		48BF05FD2AFFB08C002D074C /* View */ = {
			isa = PBXGroup;
			children = (
				48FCB095292A186600E75790 /* Main.storyboard */,
				48FCB09A292A186B00E75790 /* LaunchScreen.storyboard */,
				48FCB0A6292A2A7E00E75790 /* BooksTableViewCell.xib */,
				48FCB0A5292A2A7E00E75790 /* BooksTableViewCell.swift */,
			);
			path = View;
			sourceTree = "<group>";
		};
		48BF05FE2AFFB0E3002D074C /* Controller */ = {
			isa = PBXGroup;
			children = (
				48FCB093292A186600E75790 /* ViewController.swift */,
				48B62634292A4146004AB278 /* DetailViewController.swift */,
			);
			path = Controller;
			sourceTree = "<group>";
		};
		48BF06032AFFBE8D002D074C /* Data */ = {
			isa = PBXGroup;
			children = (
				48BF05FF2AFFB4D4002D074C /* BookShelf.json */,
			);
			path = Data;
			sourceTree = "<group>";
		};
		48FCB083292A186600E75790 = {
			isa = PBXGroup;
			children = (
				48FCB08E292A186600E75790 /* My Book Shelf */,
				48FCB08D292A186600E75790 /* Products */,
			);
			sourceTree = "<group>";
		};
		48FCB08D292A186600E75790 /* Products */ = {
			isa = PBXGroup;
			children = (
				48FCB08C292A186600E75790 /* My Book Shelf.app */,
			);
			name = Products;
			sourceTree = "<group>";
		};
		48FCB08E292A186600E75790 /* My Book Shelf */ = {
			isa = PBXGroup;
			children = (
				48BF05FC2AFFAF1B002D074C /* App */,
				48BF06032AFFBE8D002D074C /* Data */,
				48BF05FA2AFFA86F002D074C /* Models */,
				48BF05FD2AFFB08C002D074C /* View */,
				48BF05FE2AFFB0E3002D074C /* Controller */,
				48FCB098292A186B00E75790 /* Assets.xcassets */,
				48FCB09D292A186B00E75790 /* Info.plist */,
			);
			path = "My Book Shelf";
			sourceTree = "<group>";
		};
/* End PBXGroup section */

/* Begin PBXNativeTarget section */
		48FCB08B292A186600E75790 /* My Book Shelf */ = {
			isa = PBXNativeTarget;
			buildConfigurationList = 48FCB0A0292A186B00E75790 /* Build configuration list for PBXNativeTarget "My Book Shelf" */;
			buildPhases = (
				48FCB088292A186600E75790 /* Sources */,
				48FCB089292A186600E75790 /* Frameworks */,
				48FCB08A292A186600E75790 /* Resources */,
			);
			buildRules = (
			);
			dependencies = (
			);
			name = "My Book Shelf";
			productName = "My Book Shelf";
			productReference = 48FCB08C292A186600E75790 /* My Book Shelf.app */;
			productType = "com.apple.product-type.application";
		};
/* End PBXNativeTarget section */

/* Begin PBXProject section */
		48FCB084292A186600E75790 /* Project object */ = {
			isa = PBXProject;
			attributes = {
				BuildIndependentTargetsInParallel = 1;
				LastSwiftUpdateCheck = 1400;
				LastUpgradeCheck = 1400;
				TargetAttributes = {
					48FCB08B292A186600E75790 = {
						CreatedOnToolsVersion = 14.0;
					};
				};
			};
			buildConfigurationList = 48FCB087292A186600E75790 /* Build configuration list for PBXProject "My Book Shelf" */;
			compatibilityVersion = "Xcode 14.0";
			developmentRegion = en;
			hasScannedForEncodings = 0;
			knownRegions = (
				en,
				Base,
			);
			mainGroup = 48FCB083292A186600E75790;
			productRefGroup = 48FCB08D292A186600E75790 /* Products */;
			projectDirPath = "";
			projectRoot = "";
			targets = (
				48FCB08B292A186600E75790 /* My Book Shelf */,
			);
		};
/* End PBXProject section */

/* Begin PBXResourcesBuildPhase section */
		48FCB08A292A186600E75790 /* Resources */ = {
			isa = PBXResourcesBuildPhase;
			buildActionMask = 2147483647;
			files = (
				48FCB0A8292A2A7E00E75790 /* BooksTableViewCell.xib in Resources */,
				48FCB09C292A186B00E75790 /* LaunchScreen.storyboard in Resources */,
				48FCB099292A186B00E75790 /* Assets.xcassets in Resources */,
				48FCB097292A186600E75790 /* Main.storyboard in Resources */,
				48BF06002AFFB4D4002D074C /* BookShelf.json in Resources */,
			);
			runOnlyForDeploymentPostprocessing = 0;
		};
/* End PBXResourcesBuildPhase section */

/* Begin PBXSourcesBuildPhase section */
		48FCB088292A186600E75790 /* Sources */ = {
			isa = PBXSourcesBuildPhase;
			buildActionMask = 2147483647;
			files = (
				48FCB0A7292A2A7E00E75790 /* BooksTableViewCell.swift in Sources */,
				48FCB094292A186600E75790 /* ViewController.swift in Sources */,
				48FCB090292A186600E75790 /* AppDelegate.swift in Sources */,
				48BF06022AFFBA53002D074C /* BookShelf.swift in Sources */,
				48B62635292A4146004AB278 /* DetailViewController.swift in Sources */,
				48FCB0A4292A1AD900E75790 /* Book.swift in Sources */,
				48FCB092292A186600E75790 /* SceneDelegate.swift in Sources */,
			);
			runOnlyForDeploymentPostprocessing = 0;
		};
/* End PBXSourcesBuildPhase section */

/* Begin PBXVariantGroup section */
		48FCB095292A186600E75790 /* Main.storyboard */ = {
			isa = PBXVariantGroup;
			children = (
				48FCB096292A186600E75790 /* Base */,
			);
			name = Main.storyboard;
			sourceTree = "<group>";
		};
		48FCB09A292A186B00E75790 /* LaunchScreen.storyboard */ = {
			isa = PBXVariantGroup;
			children = (
				48FCB09B292A186B00E75790 /* Base */,
			);
			name = LaunchScreen.storyboard;
			sourceTree = "<group>";
		};
/* End PBXVariantGroup section */

/* Begin XCBuildConfiguration section */
		48FCB09E292A186B00E75790 /* Debug */ = {
			isa = XCBuildConfiguration;
			buildSettings = {
				ALWAYS_SEARCH_USER_PATHS = NO;
				CLANG_ANALYZER_NONNULL = YES;
				CLANG_ANALYZER_NUMBER_OBJECT_CONVERSION = YES_AGGRESSIVE;
				CLANG_CXX_LANGUAGE_STANDARD = "gnu++20";
				CLANG_ENABLE_MODULES = YES;
				CLANG_ENABLE_OBJC_ARC = YES;
				CLANG_ENABLE_OBJC_WEAK = YES;
				CLANG_WARN_BLOCK_CAPTURE_AUTORELEASING = YES;
				CLANG_WARN_BOOL_CONVERSION = YES;
				CLANG_WARN_COMMA = YES;
				CLANG_WARN_CONSTANT_CONVERSION = YES;
				CLANG_WARN_DEPRECATED_OBJC_IMPLEMENTATIONS = YES;
				CLANG_WARN_DIRECT_OBJC_ISA_USAGE = YES_ERROR;
				CLANG_WARN_DOCUMENTATION_COMMENTS = YES;
				CLANG_WARN_EMPTY_BODY = YES;
				CLANG_WARN_ENUM_CONVERSION = YES;
				CLANG_WARN_INFINITE_RECURSION = YES;
				CLANG_WARN_INT_CONVERSION = YES;
				CLANG_WARN_NON_LITERAL_NULL_CONVERSION = YES;
				CLANG_WARN_OBJC_IMPLICIT_RETAIN_SELF = YES;
				CLANG_WARN_OBJC_LITERAL_CONVERSION = YES;
				CLANG_WARN_OBJC_ROOT_CLASS = YES_ERROR;
				CLANG_WARN_QUOTED_INCLUDE_IN_FRAMEWORK_HEADER = YES;
				CLANG_WARN_RANGE_LOOP_ANALYSIS = YES;
				CLANG_WARN_STRICT_PROTOTYPES = YES;
				CLANG_WARN_SUSPICIOUS_MOVE = YES;
				CLANG_WARN_UNGUARDED_AVAILABILITY = YES_AGGRESSIVE;
				CLANG_WARN_UNREACHABLE_CODE = YES;
				CLANG_WARN__DUPLICATE_METHOD_MATCH = YES;
				COPY_PHASE_STRIP = NO;
				DEBUG_INFORMATION_FORMAT = dwarf;
				ENABLE_STRICT_OBJC_MSGSEND = YES;
				ENABLE_TESTABILITY = YES;
				GCC_C_LANGUAGE_STANDARD = gnu11;
				GCC_DYNAMIC_NO_PIC = NO;
				GCC_NO_COMMON_BLOCKS = YES;
				GCC_OPTIMIZATION_LEVEL = 0;
				GCC_PREPROCESSOR_DEFINITIONS = (
					"DEBUG=1",
					"$(inherited)",
				);
				GCC_WARN_64_TO_32_BIT_CONVERSION = YES;
				GCC_WARN_ABOUT_RETURN_TYPE = YES_ERROR;
				GCC_WARN_UNDECLARED_SELECTOR = YES;
				GCC_WARN_UNINITIALIZED_AUTOS = YES_AGGRESSIVE;
				GCC_WARN_UNUSED_FUNCTION = YES;
				GCC_WARN_UNUSED_VARIABLE = YES;
				IPHONEOS_DEPLOYMENT_TARGET = 16.0;
				MTL_ENABLE_DEBUG_INFO = INCLUDE_SOURCE;
				MTL_FAST_MATH = YES;
				ONLY_ACTIVE_ARCH = YES;
				SDKROOT = iphoneos;
				SWIFT_ACTIVE_COMPILATION_CONDITIONS = DEBUG;
				SWIFT_OPTIMIZATION_LEVEL = "-Onone";
			};
			name = Debug;
		};
		48FCB09F292A186B00E75790 /* Release */ = {
			isa = XCBuildConfiguration;
			buildSettings = {
				ALWAYS_SEARCH_USER_PATHS = NO;
				CLANG_ANALYZER_NONNULL = YES;
				CLANG_ANALYZER_NUMBER_OBJECT_CONVERSION = YES_AGGRESSIVE;
				CLANG_CXX_LANGUAGE_STANDARD = "gnu++20";
				CLANG_ENABLE_MODULES = YES;
				CLANG_ENABLE_OBJC_ARC = YES;
				CLANG_ENABLE_OBJC_WEAK = YES;
				CLANG_WARN_BLOCK_CAPTURE_AUTORELEASING = YES;
				CLANG_WARN_BOOL_CONVERSION = YES;
				CLANG_WARN_COMMA = YES;
				CLANG_WARN_CONSTANT_CONVERSION = YES;
				CLANG_WARN_DEPRECATED_OBJC_IMPLEMENTATIONS = YES;
				CLANG_WARN_DIRECT_OBJC_ISA_USAGE = YES_ERROR;
				CLANG_WARN_DOCUMENTATION_COMMENTS = YES;
				CLANG_WARN_EMPTY_BODY = YES;
				CLANG_WARN_ENUM_CONVERSION = YES;
				CLANG_WARN_INFINITE_RECURSION = YES;
				CLANG_WARN_INT_CONVERSION = YES;
				CLANG_WARN_NON_LITERAL_NULL_CONVERSION = YES;
				CLANG_WARN_OBJC_IMPLICIT_RETAIN_SELF = YES;
				CLANG_WARN_OBJC_LITERAL_CONVERSION = YES;
				CLANG_WARN_OBJC_ROOT_CLASS = YES_ERROR;
				CLANG_WARN_QUOTED_INCLUDE_IN_FRAMEWORK_HEADER = YES;
				CLANG_WARN_RANGE_LOOP_ANALYSIS = YES;
				CLANG_WARN_STRICT_PROTOTYPES = YES;
				CLANG_WARN_SUSPICIOUS_MOVE = YES;
				CLANG_WARN_UNGUARDED_AVAILABILITY = YES_AGGRESSIVE;
				CLANG_WARN_UNREACHABLE_CODE = YES;
				CLANG_WARN__DUPLICATE_METHOD_MATCH = YES;
				COPY_PHASE_STRIP = NO;
				DEBUG_INFORMATION_FORMAT = "dwarf-with-dsym";
				ENABLE_NS_ASSERTIONS = NO;
				ENABLE_STRICT_OBJC_MSGSEND = YES;
				GCC_C_LANGUAGE_STANDARD = gnu11;
				GCC_NO_COMMON_BLOCKS = YES;
				GCC_WARN_64_TO_32_BIT_CONVERSION = YES;
				GCC_WARN_ABOUT_RETURN_TYPE = YES_ERROR;
				GCC_WARN_UNDECLARED_SELECTOR = YES;
				GCC_WARN_UNINITIALIZED_AUTOS = YES_AGGRESSIVE;
				GCC_WARN_UNUSED_FUNCTION = YES;
				GCC_WARN_UNUSED_VARIABLE = YES;
				IPHONEOS_DEPLOYMENT_TARGET = 16.0;
				MTL_ENABLE_DEBUG_INFO = NO;
				MTL_FAST_MATH = YES;
				SDKROOT = iphoneos;
				SWIFT_COMPILATION_MODE = wholemodule;
				SWIFT_OPTIMIZATION_LEVEL = "-O";
				VALIDATE_PRODUCT = YES;
			};
			name = Release;
		};
		48FCB0A1292A186B00E75790 /* Debug */ = {
			isa = XCBuildConfiguration;
			buildSettings = {
				ASSETCATALOG_COMPILER_APPICON_NAME = AppIcon;
				ASSETCATALOG_COMPILER_GLOBAL_ACCENT_COLOR_NAME = AccentColor;
				CODE_SIGN_STYLE = Automatic;
				CURRENT_PROJECT_VERSION = 1;
				DEVELOPMENT_TEAM = 9GRVB72NF8;
				GENERATE_INFOPLIST_FILE = YES;
				INFOPLIST_FILE = "My Book Shelf/Info.plist";
				INFOPLIST_KEY_UIApplicationSupportsIndirectInputEvents = YES;
				INFOPLIST_KEY_UILaunchStoryboardName = LaunchScreen;
				INFOPLIST_KEY_UIMainStoryboardFile = Main;
				INFOPLIST_KEY_UISupportedInterfaceOrientations_iPad = "UIInterfaceOrientationPortrait UIInterfaceOrientationPortraitUpsideDown UIInterfaceOrientationLandscapeLeft UIInterfaceOrientationLandscapeRight";
				INFOPLIST_KEY_UISupportedInterfaceOrientations_iPhone = "UIInterfaceOrientationPortrait UIInterfaceOrientationLandscapeLeft UIInterfaceOrientationLandscapeRight";
				LD_RUNPATH_SEARCH_PATHS = (
					"$(inherited)",
					"@executable_path/Frameworks",
				);
				MARKETING_VERSION = 1.0;
				PRODUCT_BUNDLE_IDENTIFIER = "com.codestronaut.My-Book-Shelf";
				PRODUCT_NAME = "$(TARGET_NAME)";
				SWIFT_EMIT_LOC_STRINGS = YES;
				SWIFT_VERSION = 5.0;
				TARGETED_DEVICE_FAMILY = "1,2";
			};
			name = Debug;
		};
		48FCB0A2292A186B00E75790 /* Release */ = {
			isa = XCBuildConfiguration;
			buildSettings = {
				ASSETCATALOG_COMPILER_APPICON_NAME = AppIcon;
				ASSETCATALOG_COMPILER_GLOBAL_ACCENT_COLOR_NAME = AccentColor;
				CODE_SIGN_STYLE = Automatic;
				CURRENT_PROJECT_VERSION = 1;
				DEVELOPMENT_TEAM = 9GRVB72NF8;
				GENERATE_INFOPLIST_FILE = YES;
				INFOPLIST_FILE = "My Book Shelf/Info.plist";
				INFOPLIST_KEY_UIApplicationSupportsIndirectInputEvents = YES;
				INFOPLIST_KEY_UILaunchStoryboardName = LaunchScreen;
				INFOPLIST_KEY_UIMainStoryboardFile = Main;
				INFOPLIST_KEY_UISupportedInterfaceOrientations_iPad = "UIInterfaceOrientationPortrait UIInterfaceOrientationPortraitUpsideDown UIInterfaceOrientationLandscapeLeft UIInterfaceOrientationLandscapeRight";
				INFOPLIST_KEY_UISupportedInterfaceOrientations_iPhone = "UIInterfaceOrientationPortrait UIInterfaceOrientationLandscapeLeft UIInterfaceOrientationLandscapeRight";
				LD_RUNPATH_SEARCH_PATHS = (
					"$(inherited)",
					"@executable_path/Frameworks",
				);
				MARKETING_VERSION = 1.0;
				PRODUCT_BUNDLE_IDENTIFIER = "com.codestronaut.My-Book-Shelf";
				PRODUCT_NAME = "$(TARGET_NAME)";
				SWIFT_EMIT_LOC_STRINGS = YES;
				SWIFT_VERSION = 5.0;
				TARGETED_DEVICE_FAMILY = "1,2";
			};
			name = Release;
		};
/* End XCBuildConfiguration section */

/* Begin XCConfigurationList section */
		48FCB087292A186600E75790 /* Build configuration list for PBXProject "My Book Shelf" */ = {
			isa = XCConfigurationList;
			buildConfigurations = (
				48FCB09E292A186B00E75790 /* Debug */,
				48FCB09F292A186B00E75790 /* Release */,
			);
			defaultConfigurationIsVisible = 0;
			defaultConfigurationName = Release;
		};
		48FCB0A0292A186B00E75790 /* Build configuration list for PBXNativeTarget "My Book Shelf" */ = {
			isa = XCConfigurationList;
			buildConfigurations = (
				48FCB0A1292A186B00E75790 /* Debug */,
				48FCB0A2292A186B00E75790 /* Release */,
			);
			defaultConfigurationIsVisible = 0;
			defaultConfigurationName = Release;
		};
/* End XCConfigurationList section */
	};
	rootObject = 48FCB084292A186600E75790 /* Project object */;
}
